<Solution>
  <Folder Name="/src/">
    <Project Path="src/ExpenseTracker.API/ExpenseTracker.API.csproj" />
    <Project Path="src/ExpenseTracker.Application/ExpenseTracker.Application.csproj" />
    <Project Path="src/ExpenseTracker.Domain/ExpenseTracker.Domain.csproj" />
    <Project Path="src/ExpenseTracker.Infrastructure/ExpenseTracker.Infrastructure.csproj" />
  </Folder>
</Solution>
